
Microsoft Visual Studio Solution File, Format Version 12.00
# Visual Studio 15
VisualStudioVersion = 15.0.28307.271
MinimumVisualStudioVersion = 10.0.40219.1
Project("{6EC3EE1D-3C4E-46DD-8F32-0CC8E7565705}") = "FSharp.Core.UnitTests", "FSharp.Core.UnitTests.fsproj", "{245F67D6-1D2D-4CB8-9D3A-C8DCF6A8ABAF}"
EndProject
Global
	GlobalSection(SolutionConfigurationPlatforms) = preSolution
		Debug|Any CPU = Debug|Any CPU
		Release|Any CPU = Release|Any CPU
	EndGlobalSection
	GlobalSection(ProjectConfigurationPlatforms) = postSolution
		{245F67D6-1D2D-4CB8-9D3A-C8DCF6A8ABAF}.Debug|Any CPU.ActiveCfg = Debug|Any CPU
		{245F67D6-1D2D-4CB8-9D3A-C8DCF6A8ABAF}.Debug|Any CPU.Build.0 = Debug|Any CPU
		{245F67D6-1D2D-4CB8-9D3A-C8DCF6A8ABAF}.Release|Any CPU.ActiveCfg = Release|Any CPU
		{245F67D6-1D2D-4CB8-9D3A-C8DCF6A8ABAF}.Release|Any CPU.Build.0 = Release|Any CPU
	EndGlobalSection
	GlobalSection(SolutionProperties) = preSolution
		HideSolutionNode = FALSE
	EndGlobalSection
	GlobalSection(ExtensibilityGlobals) = postSolution
		SolutionGuid = {267CA5CC-0688-47EA-AA97-B7556AEDFCC7}
	EndGlobalSection
EndGlobal
